// !$*UTF8*$!
{
	archiveVersion = 1;
	classes = {
	};
	objectVersion = 46;
	objects = {

/* Begin PBXBuildFile section */
		B89576381F3A9A3A005854B7 /* AppDelegate.swift in Sources */ = {isa = PBXBuildFile; fileRef = B89576371F3A9A3A005854B7 /* AppDelegate.swift */; };
		B895763A1F3A9A3A005854B7 /* ViewController.swift in Sources */ = {isa = PBXBuildFile; fileRef = B89576391F3A9A3A005854B7 /* ViewController.swift */; };
		B895763D1F3A9A3A005854B7 /* Main.storyboard in Resources */ = {isa = PBXBuildFile; fileRef = B895763B1F3A9A3A005854B7 /* Main.storyboard */; };
		B89576401F3A9A3A005854B7 /* PoopApp.xcdatamodeld in Sources */ = {isa = PBXBuildFile; fileRef = B895763E1F3A9A3A005854B7 /* PoopApp.xcdatamodeld */; };
		B89576421F3A9A3A005854B7 /* Assets.xcassets in Resources */ = {isa = PBXBuildFile; fileRef = B89576411F3A9A3A005854B7 /* Assets.xcassets */; };
		B89576451F3A9A3A005854B7 /* LaunchScreen.storyboard in Resources */ = {isa = PBXBuildFile; fileRef = B89576431F3A9A3A005854B7 /* LaunchScreen.storyboard */; };
/* End PBXBuildFile section */

/* Begin PBXFileReference section */
		B89576341F3A9A3A005854B7 /* PoopApp.app */ = {isa = PBXFileReference; explicitFileType = wrapper.application; includeInIndex = 0; path = PoopApp.app; sourceTree = BUILT_PRODUCTS_DIR; };
		B89576371F3A9A3A005854B7 /* AppDelegate.swift */ = {isa = PBXFileReference; lastKnownFileType = sourcecode.swift; path = AppDelegate.swift; sourceTree = "<group>"; };
		B89576391F3A9A3A005854B7 /* ViewController.swift */ = {isa = PBXFileReference; lastKnownFileType = sourcecode.swift; path = ViewController.swift; sourceTree = "<group>"; };
		B895763C1F3A9A3A005854B7 /* Base */ = {isa = PBXFileReference; lastKnownFileType = file.storyboard; name = Base; path = Base.lproj/Main.storyboard; sourceTree = "<group>"; };
		B895763F1F3A9A3A005854B7 /* PoopApp.xcdatamodel */ = {isa = PBXFileReference; lastKnownFileType = wrapper.xcdatamodel; path = PoopApp.xcdatamodel; sourceTree = "<group>"; };
		B89576411F3A9A3A005854B7 /* Assets.xcassets */ = {isa = PBXFileReference; lastKnownFileType = folder.assetcatalog; path = Assets.xcassets; sourceTree = "<group>"; };
		B89576441F3A9A3A005854B7 /* Base */ = {isa = PBXFileReference; lastKnownFileType = file.storyboard; name = Base; path = Base.lproj/LaunchScreen.storyboard; sourceTree = "<group>"; };
		B89576461F3A9A3A005854B7 /* Info.plist */ = {isa = PBXFileReference; lastKnownFileType = text.plist.xml; path = Info.plist; sourceTree = "<group>"; };
/* End PBXFileReference section */

/* Begin PBXFrameworksBuildPhase section */
		B89576311F3A9A3A005854B7 /* Frameworks */ = {
			isa = PBXFrameworksBuildPhase;
			buildActionMask = 2147483647;
			files = (
			);
			runOnlyForDeploymentPostprocessing = 0;
		};
/* End PBXFrameworksBuildPhase section */

/* Begin PBXGroup section */
		B895762B1F3A9A3A005854B7 = {
			isa = PBXGroup;
			children = (
				B89576361F3A9A3A005854B7 /* PoopApp */,
				B89576351F3A9A3A005854B7 /* Products */,
			);
			sourceTree = "<group>";
		};
		B89576351F3A9A3A005854B7 /* Products */ = {
			isa = PBXGroup;
			children = (
				B89576341F3A9A3A005854B7 /* PoopApp.app */,
			);
			name = Products;
			sourceTree = "<group>";
		};
		B89576361F3A9A3A005854B7 /* PoopApp */ = {
			isa = PBXGroup;
			children = (
				B89576371F3A9A3A005854B7 /* AppDelegate.swift */,
				B89576391F3A9A3A005854B7 /* ViewController.swift */,
				B895763B1F3A9A3A005854B7 /* Main.storyboard */,
				B89576411F3A9A3A005854B7 /* Assets.xcassets */,
				B89576431F3A9A3A005854B7 /* LaunchScreen.storyboard */,
				B89576461F3A9A3A005854B7 /* Info.plist */,
				B895763E1F3A9A3A005854B7 /* PoopApp.xcdatamodeld */,
			);
			path = PoopApp;
			sourceTree = "<group>";
		};
/* End PBXGroup section */

/* Begin PBXNativeTarget section */
		B89576331F3A9A3A005854B7 /* PoopApp */ = {
			isa = PBXNativeTarget;
			buildConfigurationList = B89576491F3A9A3A005854B7 /* Build configuration list for PBXNativeTarget "PoopApp" */;
			buildPhases = (
				B89576301F3A9A3A005854B7 /* Sources */,
				B89576311F3A9A3A005854B7 /* Frameworks */,
				B89576321F3A9A3A005854B7 /* Resources */,
			);
			buildRules = (
			);
			dependencies = (
			);
			name = PoopApp;
			productName = PoopApp;
			productReference = B89576341F3A9A3A005854B7 /* PoopApp.app */;
			productType = "com.apple.product-type.application";
		};
/* End PBXNativeTarget section */

/* Begin PBXProject section */
		B895762C1F3A9A3A005854B7 /* Project object */ = {
			isa = PBXProject;
			attributes = {
				LastSwiftUpdateCheck = 0830;
				LastUpgradeCheck = 0830;
				ORGANIZATIONNAME = Delyte;
				TargetAttributes = {
					B89576331F3A9A3A005854B7 = {
						CreatedOnToolsVersion = 8.3.3;
						DevelopmentTeam = B2EA5JR3X6;
						ProvisioningStyle = Automatic;
					};
				};
			};
			buildConfigurationList = B895762F1F3A9A3A005854B7 /* Build configuration list for PBXProject "PoopApp" */;
			compatibilityVersion = "Xcode 3.2";
			developmentRegion = English;
			hasScannedForEncodings = 0;
			knownRegions = (
				en,
				Base,
			);
			mainGroup = B895762B1F3A9A3A005854B7;
			productRefGroup = B89576351F3A9A3A005854B7 /* Products */;
			projectDirPath = "";
			projectRoot = "";
			targets = (
				B89576331F3A9A3A005854B7 /* PoopApp */,
			);
		};
/* End PBXProject section */

/* Begin PBXResourcesBuildPhase section */
		B89576321F3A9A3A005854B7 /* Resources */ = {
			isa = PBXResourcesBuildPhase;
			buildActionMask = 2147483647;
			files = (
				B89576451F3A9A3A005854B7 /* LaunchScreen.storyboard in Resources */,
				B89576421F3A9A3A005854B7 /* Assets.xcassets in Resources */,
				B895763D1F3A9A3A005854B7 /* Main.storyboard in Resources */,
			);
			runOnlyForDeploymentPostprocessing = 0;
		};
/* End PBXResourcesBuildPhase section */

/* Begin PBXSourcesBuildPhase section */
		B89576301F3A9A3A005854B7 /* Sources */ = {
			isa = PBXSourcesBuildPhase;
			buildActionMask = 2147483647;
			files = (
				B895763A1F3A9A3A005854B7 /* ViewController.swift in Sources */,
				B89576381F3A9A3A005854B7 /* AppDelegate.swift in Sources */,
				B89576401F3A9A3A005854B7 /* PoopApp.xcdatamodeld in Sources */,
			);
			runOnlyForDeploymentPostprocessing = 0;
		};
/* End PBXSourcesBuildPhase section */

/* Begin PBXVariantGroup section */
		B895763B1F3A9A3A005854B7 /* Main.storyboard */ = {
			isa = PBXVariantGroup;
			children = (
				B895763C1F3A9A3A005854B7 /* Base */,
			);
			name = Main.storyboard;
			sourceTree = "<group>";
		};
		B89576431F3A9A3A005854B7 /* LaunchScreen.storyboard */ = {
			isa = PBXVariantGroup;
			children = (
				B89576441F3A9A3A005854B7 /* Base */,
			);
			name = LaunchScreen.storyboard;
			sourceTree = "<group>";
		};
/* End PBXVariantGroup section */

/* Begin XCBuildConfiguration section */
		B89576471F3A9A3A005854B7 /* Debug */ = {
			isa = XCBuildConfiguration;
			buildSettings = {
				ALWAYS_SEARCH_USER_PATHS = NO;
				CLANG_ANALYZER_NONNULL = YES;
				CLANG_ANALYZER_NUMBER_OBJECT_CONVERSION = YES_AGGRESSIVE;
				CLANG_CXX_LANGUAGE_STANDARD = "gnu++0x";
				CLANG_CXX_LIBRARY = "libc++";
				CLANG_ENABLE_MODULES = YES;
				CLANG_ENABLE_OBJC_ARC = YES;
				CLANG_WARN_BOOL_CONVERSION = YES;
				CLANG_WARN_CONSTANT_CONVERSION = YES;
				CLANG_WARN_DIRECT_OBJC_ISA_USAGE = YES_ERROR;
				CLANG_WARN_DOCUMENTATION_COMMENTS = YES;
				CLANG_WARN_EMPTY_BODY = YES;
				CLANG_WARN_ENUM_CONVERSION = YES;
				CLANG_WARN_INFINITE_RECURSION = YES;
				CLANG_WARN_INT_CONVERSION = YES;
				CLANG_WARN_OBJC_ROOT_CLASS = YES_ERROR;
				CLANG_WARN_SUSPICIOUS_MOVE = YES;
				CLANG_WARN_UNREACHABLE_CODE = YES;
				CLANG_WARN__DUPLICATE_METHOD_MATCH = YES;
				"CODE_SIGN_IDENTITY[sdk=iphoneos*]" = "iPhone Developer";
				COPY_PHASE_STRIP = NO;
				DEBUG_INFORMATION_FORMAT = dwarf;
				ENABLE_STRICT_OBJC_MSGSEND = YES;
				ENABLE_TESTABILITY = YES;
				GCC_C_LANGUAGE_STANDARD = gnu99;
				GCC_DYNAMIC_NO_PIC = NO;
				GCC_NO_COMMON_BLOCKS = YES;
				GCC_OPTIMIZATION_LEVEL = 0;
				GCC_PREPROCESSOR_DEFINITIONS = (
					"DEBUG=1",
					"$(inherited)",
				);
				GCC_WARN_64_TO_32_BIT_CONVERSION = YES;
				GCC_WARN_ABOUT_RETURN_TYPE = YES_ERROR;
				GCC_WARN_UNDECLARED_SELECTOR = YES;
				GCC_WARN_UNINITIALIZED_AUTOS = YES_AGGRESSIVE;
				GCC_WARN_UNUSED_FUNCTION = YES;
				GCC_WARN_UNUSED_VARIABLE = YES;
				IPHONEOS_DEPLOYMENT_TARGET = 10.3;
				MTL_ENABLE_DEBUG_INFO = YES;
				ONLY_ACTIVE_ARCH = YES;
				SDKROOT = iphoneos;
				SWIFT_ACTIVE_COMPILATION_CONDITIONS = DEBUG;
				SWIFT_OPTIMIZATION_LEVEL = "-Onone";
				TARGETED_DEVICE_FAMILY = "1,2";
			};
			name = Debug;
		};
		B89576481F3A9A3A005854B7 /* Release */ = {
			isa = XCBuildConfiguration;
			buildSettings = {
				ALWAYS_SEARCH_USER_PATHS = NO;
				CLANG_ANALYZER_NONNULL = YES;
				CLANG_ANALYZER_NUMBER_OBJECT_CONVERSION = YES_AGGRESSIVE;
				CLANG_CXX_LANGUAGE_STANDARD = "gnu++0x";
				CLANG_CXX_LIBRARY = "libc++";
				CLANG_ENABLE_MODULES = YES;
				CLANG_ENABLE_OBJC_ARC = YES;
				CLANG_WARN_BOOL_CONVERSION = YES;
				CLANG_WARN_CONSTANT_CONVERSION = YES;
				CLANG_WARN_DIRECT_OBJC_ISA_USAGE = YES_ERROR;
				CLANG_WARN_DOCUMENTATION_COMMENTS = YES;
				CLANG_WARN_EMPTY_BODY = YES;
				CLANG_WARN_ENUM_CONVERSION = YES;
				CLANG_WARN_INFINITE_RECURSION = YES;
				CLANG_WARN_INT_CONVERSION = YES;
				CLANG_WARN_OBJC_ROOT_CLASS = YES_ERROR;
				CLANG_WARN_SUSPICIOUS_MOVE = YES;
				CLANG_WARN_UNREACHABLE_CODE = YES;
				CLANG_WARN__DUPLICATE_METHOD_MATCH = YES;
				"CODE_SIGN_IDENTITY[sdk=iphoneos*]" = "iPhone Developer";
				COPY_PHASE_STRIP = NO;
				DEBUG_INFORMATION_FORMAT = "dwarf-with-dsym";
				ENABLE_NS_ASSERTIONS = NO;
				ENABLE_STRICT_OBJC_MSGSEND = YES;
				GCC_C_LANGUAGE_STANDARD = gnu99;
				GCC_NO_COMMON_BLOCKS = YES;
				GCC_WARN_64_TO_32_BIT_CONVERSION = YES;
				GCC_WARN_ABOUT_RETURN_TYPE = YES_ERROR;
				GCC_WARN_UNDECLARED_SELECTOR = YES;
				GCC_WARN_UNINITIALIZED_AUTOS = YES_AGGRESSIVE;
				GCC_WARN_UNUSED_FUNCTION = YES;
				GCC_WARN_UNUSED_VARIABLE = YES;
				IPHONEOS_DEPLOYMENT_TARGET = 10.3;
				MTL_ENABLE_DEBUG_INFO = NO;
				SDKROOT = iphoneos;
				SWIFT_OPTIMIZATION_LEVEL = "-Owholemodule";
				TARGETED_DEVICE_FAMILY = "1,2";
				VALIDATE_PRODUCT = YES;
			};
			name = Release;
		};
		B895764A1F3A9A3A005854B7 /* Debug */ = {
			isa = XCBuildConfiguration;
			buildSettings = {
				ASSETCATALOG_COMPILER_APPICON_NAME = AppIcon;
				DEVELOPMENT_TEAM = B2EA5JR3X6;
				INFOPLIST_FILE = PoopApp/Info.plist;
				LD_RUNPATH_SEARCH_PATHS = "$(inherited) @executable_path/Frameworks";
				PRODUCT_BUNDLE_IDENTIFIER = come.sabrinasmai.PoopApp;
				PRODUCT_NAME = "$(TARGET_NAME)";
				SWIFT_VERSION = 3.0;
			};
			name = Debug;
		};
		B895764B1F3A9A3A005854B7 /* Release */ = {
			isa = XCBuildConfiguration;
			buildSettings = {
				ASSETCATALOG_COMPILER_APPICON_NAME = AppIcon;
				DEVELOPMENT_TEAM = B2EA5JR3X6;
				INFOPLIST_FILE = PoopApp/Info.plist;
				LD_RUNPATH_SEARCH_PATHS = "$(inherited) @executable_path/Frameworks";
				PRODUCT_BUNDLE_IDENTIFIER = come.sabrinasmai.PoopApp;
				PRODUCT_NAME = "$(TARGET_NAME)";
				SWIFT_VERSION = 3.0;
			};
			name = Release;
		};
/* End XCBuildConfiguration section */

/* Begin XCConfigurationList section */
		B895762F1F3A9A3A005854B7 /* Build configuration list for PBXProject "PoopApp" */ = {
			isa = XCConfigurationList;
			buildConfigurations = (
				B89576471F3A9A3A005854B7 /* Debug */,
				B89576481F3A9A3A005854B7 /* Release */,
			);
			defaultConfigurationIsVisible = 0;
			defaultConfigurationName = Release;
		};
		B89576491F3A9A3A005854B7 /* Build configuration list for PBXNativeTarget "PoopApp" */ = {
			isa = XCConfigurationList;
			buildConfigurations = (
				B895764A1F3A9A3A005854B7 /* Debug */,
				B895764B1F3A9A3A005854B7 /* Release */,
			);
			defaultConfigurationIsVisible = 0;
		};
/* End XCConfigurationList section */

/* Begin XCVersionGroup section */
		B895763E1F3A9A3A005854B7 /* PoopApp.xcdatamodeld */ = {
			isa = XCVersionGroup;
			children = (
				B895763F1F3A9A3A005854B7 /* PoopApp.xcdatamodel */,
			);
			currentVersion = B895763F1F3A9A3A005854B7 /* PoopApp.xcdatamodel */;
			path = PoopApp.xcdatamodeld;
			sourceTree = "<group>";
			versionGroupType = wrapper.xcdatamodel;
		};
/* End XCVersionGroup section */
	};
	rootObject = B895762C1F3A9A3A005854B7 /* Project object */;
}
